
Microsoft Visual Studio Solution File, Format Version 12.00
# Visual Studio Version 16
VisualStudioVersion = 16.0.29411.108
MinimumVisualStudioVersion = 10.0.40219.1
Project("{FAE04EC0-301F-11D3-BF4B-00C04F79EFBC}") = "tbasket", "tbasket\tbasket.csproj", "{70DE0B71-16B0-4C83-9AAF-90D69697CBFE}"
EndProject
Global
	GlobalSection(SolutionConfigurationPlatforms) = preSolution
		Debug|Any CPU = Debug|Any CPU
		Release|Any CPU = Release|Any CPU
	EndGlobalSection
	GlobalSection(ProjectConfigurationPlatforms) = postSolution
		{70DE0B71-16B0-4C83-9AAF-90D69697CBFE}.Debug|Any CPU.ActiveCfg = Debug|Any CPU
		{70DE0B71-16B0-4C83-9AAF-90D69697CBFE}.Debug|Any CPU.Build.0 = Debug|Any CPU
		{70DE0B71-16B0-4C83-9AAF-90D69697CBFE}.Release|Any CPU.ActiveCfg = Release|Any CPU
		{70DE0B71-16B0-4C83-9AAF-90D69697CBFE}.Release|Any CPU.Build.0 = Release|Any CPU
	EndGlobalSection
	GlobalSection(SolutionProperties) = preSolution
		HideSolutionNode = FALSE
	EndGlobalSection
	GlobalSection(ExtensibilityGlobals) = postSolution
		SolutionGuid = {C02CE5A9-4321-42D0-A9E3-2B613CC3513E}
	EndGlobalSection
EndGlobal
